
Microsoft Visual Studio Solution File, Format Version 12.00
# Visual Studio Version 17
VisualStudioVersion = 17.9.34723.18
MinimumVisualStudioVersion = 10.0.40219.1
Project("{FAE04EC0-301F-11D3-BF4B-00C04F79EFBC}") = "TiltGame", "TiltGame\TiltGame.csproj", "{DAF42344-436D-47C3-AF39-C6586C2D76B9}"
EndProject
Global
	GlobalSection(SolutionConfigurationPlatforms) = preSolution
		Debug|Any CPU = Debug|Any CPU
		Release|Any CPU = Release|Any CPU
	EndGlobalSection
	GlobalSection(ProjectConfigurationPlatforms) = postSolution
		{DAF42344-436D-47C3-AF39-C6586C2D76B9}.Debug|Any CPU.ActiveCfg = Debug|Any CPU
		{DAF42344-436D-47C3-AF39-C6586C2D76B9}.Debug|Any CPU.Build.0 = Debug|Any CPU
		{DAF42344-436D-47C3-AF39-C6586C2D76B9}.Release|Any CPU.ActiveCfg = Release|Any CPU
		{DAF42344-436D-47C3-AF39-C6586C2D76B9}.Release|Any CPU.Build.0 = Release|Any CPU
	EndGlobalSection
	GlobalSection(SolutionProperties) = preSolution
		HideSolutionNode = FALSE
	EndGlobalSection
	GlobalSection(ExtensibilityGlobals) = postSolution
		SolutionGuid = {257042D4-5B20-46BD-B179-E499A92BEEA1}
	EndGlobalSection
EndGlobal
